
Microsoft Visual Studio Solution File, Format Version 12.00
# Visual Studio Version 17
VisualStudioVersion = 17.5.002.0
MinimumVisualStudioVersion = 10.0.40219.1
Project("{9A19103F-16F7-4668-BE54-9A1E7A4F7556}") = "IoTEx.Waternet.Portal", "IoTEx.Waternet.Portal.csproj", "{BDC95200-94A3-40D7-9711-C6A85AC42C09}"
EndProject
Global
	GlobalSection(SolutionConfigurationPlatforms) = preSolution
		Debug|Any CPU = Debug|Any CPU
		Release|Any CPU = Release|Any CPU
	EndGlobalSection
	GlobalSection(ProjectConfigurationPlatforms) = postSolution
		{BDC95200-94A3-40D7-9711-C6A85AC42C09}.Debug|Any CPU.ActiveCfg = Debug|Any CPU
		{BDC95200-94A3-40D7-9711-C6A85AC42C09}.Debug|Any CPU.Build.0 = Debug|Any CPU
		{BDC95200-94A3-40D7-9711-C6A85AC42C09}.Release|Any CPU.ActiveCfg = Release|Any CPU
		{BDC95200-94A3-40D7-9711-C6A85AC42C09}.Release|Any CPU.Build.0 = Release|Any CPU
	EndGlobalSection
	GlobalSection(SolutionProperties) = preSolution
		HideSolutionNode = FALSE
	EndGlobalSection
	GlobalSection(ExtensibilityGlobals) = postSolution
		SolutionGuid = {B9D82BD0-731D-40A7-A875-01FC61AF6BF1}
	EndGlobalSection
EndGlobal
