
Microsoft Visual Studio Solution File, Format Version 12.00
# Visual Studio Version 17
VisualStudioVersion = 17.7.34024.191
MinimumVisualStudioVersion = 10.0.40219.1
Project("{E24C65DC-7377-472B-9ABA-BC803B73C61A}") = "IoTEx.Waternet.Portal", "IoTEx.Waternet.Portal\", "{3C4FBE91-7E28-40B2-B329-AE31D4439E61}"
	ProjectSection(WebsiteProperties) = preProject
		TargetFrameworkMoniker = ".NETFramework,Version%3Dv4.8"
		Debug.AspNetCompiler.VirtualPath = "/localhost_57221"
		Debug.AspNetCompiler.PhysicalPath = "IoTEx.Waternet.Portal\"
		Debug.AspNetCompiler.TargetPath = "PrecompiledWeb\localhost_57221\"
		Debug.AspNetCompiler.Updateable = "true"
		Debug.AspNetCompiler.ForceOverwrite = "true"
		Debug.AspNetCompiler.FixedNames = "false"
		Debug.AspNetCompiler.Debug = "True"
		Release.AspNetCompiler.VirtualPath = "/localhost_57221"
		Release.AspNetCompiler.PhysicalPath = "IoTEx.Waternet.Portal\"
		Release.AspNetCompiler.TargetPath = "PrecompiledWeb\localhost_57221\"
		Release.AspNetCompiler.Updateable = "true"
		Release.AspNetCompiler.ForceOverwrite = "true"
		Release.AspNetCompiler.FixedNames = "false"
		Release.AspNetCompiler.Debug = "False"
		VWDPort = "57221"
	EndProjectSection
EndProject
Global
	GlobalSection(SolutionConfigurationPlatforms) = preSolution
		Debug|Any CPU = Debug|Any CPU
	EndGlobalSection
	GlobalSection(ProjectConfigurationPlatforms) = postSolution
		{3C4FBE91-7E28-40B2-B329-AE31D4439E61}.Debug|Any CPU.ActiveCfg = Debug|Any CPU
		{3C4FBE91-7E28-40B2-B329-AE31D4439E61}.Debug|Any CPU.Build.0 = Debug|Any CPU
	EndGlobalSection
	GlobalSection(SolutionProperties) = preSolution
		HideSolutionNode = FALSE
	EndGlobalSection
	GlobalSection(ExtensibilityGlobals) = postSolution
		SolutionGuid = {38CC283A-D417-4307-9A43-0A565CD09551}
	EndGlobalSection
EndGlobal
